
Microsoft Visual Studio Solution File, Format Version 12.00
# Visual Studio Version 17
VisualStudioVersion = 17.11.35431.28
MinimumVisualStudioVersion = 10.0.40219.1
Project("{FAE04EC0-301F-11D3-BF4B-00C04F79EFBC}") = "ServicioRespladoBDBorboletas", "ServicioRespladoBDBorboletas.csproj", "{94AB8A78-18B5-467E-80C1-F0D7DD2265E8}"
EndProject
Global
	GlobalSection(SolutionConfigurationPlatforms) = preSolution
		Debug|Any CPU = Debug|Any CPU
		Release|Any CPU = Release|Any CPU
	EndGlobalSection
	GlobalSection(ProjectConfigurationPlatforms) = postSolution
		{94AB8A78-18B5-467E-80C1-F0D7DD2265E8}.Debug|Any CPU.ActiveCfg = Debug|Any CPU
		{94AB8A78-18B5-467E-80C1-F0D7DD2265E8}.Debug|Any CPU.Build.0 = Debug|Any CPU
		{94AB8A78-18B5-467E-80C1-F0D7DD2265E8}.Release|Any CPU.ActiveCfg = Release|Any CPU
		{94AB8A78-18B5-467E-80C1-F0D7DD2265E8}.Release|Any CPU.Build.0 = Release|Any CPU
	EndGlobalSection
	GlobalSection(SolutionProperties) = preSolution
		HideSolutionNode = FALSE
	EndGlobalSection
	GlobalSection(ExtensibilityGlobals) = postSolution
		SolutionGuid = {354C151C-AD01-4ABE-87D8-A5366CBD99A3}
	EndGlobalSection
EndGlobal
